{
  "object": {
    "pins": [
      {
        "package": "COpenSSL",
        "repositoryURL": "https://github.com/PerfectlySoft/Perfect-COpenSSL.git",
        "state": {
          "branch": null,
          "revision": "87b6d1f313887fa11bd75e157a3678f066eec981",
          "version": "2.0.6"
        }
      },
      {
        "package": "MySQL",
        "repositoryURL": "https://github.com/PerfectlySoft/Perfect-MySQL.git",
        "state": {
          "branch": null,
          "revision": "714c244972045623d9893ea7c416dd12c8cd43a2",
          "version": "2.1.3"
        }
      },
      {
        "package": "MySQLStORM",
        "repositoryURL": "https://github.com/SwiftORM/MySQL-StORM.git",
        "state": {
          "branch": null,
          "revision": "85cfc8e203de7285b6fdeca0f791c02fea0bbde3",
          "version": "1.4.0"
        }
      },
      {
        "package": "PerfectCURL",
        "repositoryURL": "https://github.com/PerfectlySoft/Perfect-CURL.git",
        "state": {
          "branch": null,
          "revision": "a9751dc2d1c24f497b80fb634c476ada99fcec14",
          "version": "2.1.7"
        }
      },
      {
        "package": "PerfectCrypto",
        "repositoryURL": "https://github.com/PerfectlySoft/Perfect-Crypto.git",
        "state": {
          "branch": null,
          "revision": "596cd8961ad1981d65eb07ea07cdda6345f6104a",
          "version": "1.1.1"
        }
      },
      {
        "package": "PerfectHTTP",
        "repositoryURL": "https://github.com/PerfectlySoft/Perfect-HTTP.git",
        "state": {
          "branch": null,
          "revision": "eb93186d03409b81cfbc5dd65275f55a5df70cac",
          "version": "2.2.4"
        }
      },
      {
        "package": "PerfectHTTPServer",
        "repositoryURL": "https://github.com/PerfectlySoft/Perfect-HTTPServer.git",
        "state": {
          "branch": null,
          "revision": "783de8b2ea06058fb4fd7df66e9a7d4a398b3648",
          "version": "2.3.4"
        }
      },
      {
        "package": "PerfectLib",
        "repositoryURL": "https://github.com/PerfectlySoft/PerfectLib.git",
        "state": {
          "branch": null,
          "revision": "e85a9ead840f80dfd85ca90627cf88cfb6e0cb59",
          "version": "2.0.11"
        }
      },
      {
        "package": "PerfectLogger",
        "repositoryURL": "https://github.com/PerfectlySoft/Perfect-Logger.git",
        "state": {
          "branch": null,
          "revision": "d77535ab7bd203b57b7531cf42e55fe863fe3b4c",
          "version": "1.1.0"
        }
      },
      {
        "package": "PerfectNet",
        "repositoryURL": "https://github.com/PerfectlySoft/Perfect-Net.git",
        "state": {
          "branch": null,
          "revision": "6134fa1630849344244304953ccf20b40c4fc145",
          "version": "2.1.18"
        }
      },
      {
        "package": "PerfectRequestLogger",
        "repositoryURL": "https://github.com/PerfectlySoft/Perfect-RequestLogger.git",
        "state": {
          "branch": null,
          "revision": "4ee6fcdc02285309bf0bca8429ff28e0945fd0b0",
          "version": "1.0.3"
        }
      },
      {
        "package": "PerfectSMTP",
        "repositoryURL": "https://github.com/PerfectlySoft/Perfect-SMTP.git",
        "state": {
          "branch": null,
          "revision": "bcc7f5a977d49d5f60776dcc83d5cec0430baee0",
          "version": "1.1.7"
        }
      },
      {
        "package": "PerfectThread",
        "repositoryURL": "https://github.com/PerfectlySoft/Perfect-Thread.git",
        "state": {
          "branch": null,
          "revision": "7d09e1830dd8e46b99c34a754a0bf4c2d567794e",
          "version": "2.0.12"
        }
      },
      {
        "package": "StORM",
        "repositoryURL": "https://github.com/SwiftORM/StORM.git",
        "state": {
          "branch": null,
          "revision": "c1fe8ac4a7cfd062d4106f3db5ddcdfb1409c105",
          "version": "1.3.0"
        }
      },
      {
        "package": "SwiftMoment",
        "repositoryURL": "https://github.com/iamjono/SwiftMoment.git",
        "state": {
          "branch": null,
          "revision": "226268d83f3c98213dd0f93d5cfb2353b28f68e7",
          "version": "0.9.1"
        }
      },
      {
        "package": "SwiftRandom",
        "repositoryURL": "https://github.com/iamjono/SwiftRandom.git",
        "state": {
          "branch": null,
          "revision": "fe3205f67aa6e8574acc08e9d7cd1fdcaecf49f1",
          "version": "0.2.5"
        }
      },
      {
        "package": "cURL",
        "repositoryURL": "https://github.com/PerfectlySoft/Perfect-libcurl.git",
        "state": {
          "branch": null,
          "revision": "672f6695d9ae04fce16ad01decef0649e0b872b0",
          "version": "2.0.6"
        }
      },
      {
        "package": "mysqlclient",
        "repositoryURL": "https://github.com/PerfectlySoft/Perfect-mysqlclient.git",
        "state": {
          "branch": null,
          "revision": "51991fc81e40ddef36e8db1868c9b7f1f83d30dc",
          "version": "2.0.1"
        }
      }
    ]
  },
  "version": 1
}
